// !$*UTF8*$!
{
	archiveVersion = 1;
	classes = {
	};
	objectVersion = 46;
	objects = {

/* Begin PBXBuildFile section */
		FBBF7DA21D87DAB800303AFB /* main.m in Sources */ = {isa = PBXBuildFile; fileRef = FBBF7DA11D87DAB800303AFB /* main.m */; };
		FBBF7DA51D87DAB800303AFB /* AppDelegate.m in Sources */ = {isa = PBXBuildFile; fileRef = FBBF7DA41D87DAB800303AFB /* AppDelegate.m */; };
		FBBF7DA81D87DAB800303AFB /* ViewController.m in Sources */ = {isa = PBXBuildFile; fileRef = FBBF7DA71D87DAB800303AFB /* ViewController.m */; };
		FBBF7DAB1D87DAB800303AFB /* Main.storyboard in Resources */ = {isa = PBXBuildFile; fileRef = FBBF7DA91D87DAB800303AFB /* Main.storyboard */; };
		FBBF7DAD1D87DAB800303AFB /* Assets.xcassets in Resources */ = {isa = PBXBuildFile; fileRef = FBBF7DAC1D87DAB800303AFB /* Assets.xcassets */; };
		FBBF7DB01D87DAB800303AFB /* LaunchScreen.storyboard in Resources */ = {isa = PBXBuildFile; fileRef = FBBF7DAE1D87DAB800303AFB /* LaunchScreen.storyboard */; };
		FBBF7DB91D87E1A400303AFB /* Person.m in Sources */ = {isa = PBXBuildFile; fileRef = FBBF7DB81D87E1A400303AFB /* Person.m */; };
		FBBF7DBC1D87E25F00303AFB /* Son.m in Sources */ = {isa = PBXBuildFile; fileRef = FBBF7DBB1D87E25F00303AFB /* Son.m */; };
		FBBF7DC21D87E49F00303AFB /* Son+BB.m in Sources */ = {isa = PBXBuildFile; fileRef = FBBF7DC11D87E49F00303AFB /* Son+BB.m */; };
		FBBF7DC51D87F94900303AFB /* ExchangeViewController.m in Sources */ = {isa = PBXBuildFile; fileRef = FBBF7DC41D87F94900303AFB /* ExchangeViewController.m */; };
		FBBF7DC81D87F97300303AFB /* MyViewController+swizzling.m in Sources */ = {isa = PBXBuildFile; fileRef = FBBF7DC71D87F97300303AFB /* MyViewController+swizzling.m */; };
		FBC298231D8E8F3F0043AC92 /* BaseViewController.m in Sources */ = {isa = PBXBuildFile; fileRef = FBC298221D8E8F3F0043AC92 /* BaseViewController.m */; };
/* End PBXBuildFile section */

/* Begin PBXFileReference section */
		FBBF7D9D1D87DAB800303AFB /* MyRunTime.app */ = {isa = PBXFileReference; explicitFileType = wrapper.application; includeInIndex = 0; path = MyRunTime.app; sourceTree = BUILT_PRODUCTS_DIR; };
		FBBF7DA11D87DAB800303AFB /* main.m */ = {isa = PBXFileReference; lastKnownFileType = sourcecode.c.objc; path = main.m; sourceTree = "<group>"; };
		FBBF7DA31D87DAB800303AFB /* AppDelegate.h */ = {isa = PBXFileReference; lastKnownFileType = sourcecode.c.h; path = AppDelegate.h; sourceTree = "<group>"; };
		FBBF7DA41D87DAB800303AFB /* AppDelegate.m */ = {isa = PBXFileReference; lastKnownFileType = sourcecode.c.objc; path = AppDelegate.m; sourceTree = "<group>"; };
		FBBF7DA61D87DAB800303AFB /* ViewController.h */ = {isa = PBXFileReference; lastKnownFileType = sourcecode.c.h; path = ViewController.h; sourceTree = "<group>"; };
		FBBF7DA71D87DAB800303AFB /* ViewController.m */ = {isa = PBXFileReference; lastKnownFileType = sourcecode.c.objc; path = ViewController.m; sourceTree = "<group>"; };
		FBBF7DAA1D87DAB800303AFB /* Base */ = {isa = PBXFileReference; lastKnownFileType = file.storyboard; name = Base; path = Base.lproj/Main.storyboard; sourceTree = "<group>"; };
		FBBF7DAC1D87DAB800303AFB /* Assets.xcassets */ = {isa = PBXFileReference; lastKnownFileType = folder.assetcatalog; path = Assets.xcassets; sourceTree = "<group>"; };
		FBBF7DAF1D87DAB800303AFB /* Base */ = {isa = PBXFileReference; lastKnownFileType = file.storyboard; name = Base; path = Base.lproj/LaunchScreen.storyboard; sourceTree = "<group>"; };
		FBBF7DB11D87DAB800303AFB /* Info.plist */ = {isa = PBXFileReference; lastKnownFileType = text.plist.xml; path = Info.plist; sourceTree = "<group>"; };
		FBBF7DB71D87E1A400303AFB /* Person.h */ = {isa = PBXFileReference; fileEncoding = 4; lastKnownFileType = sourcecode.c.h; path = Person.h; sourceTree = "<group>"; };
		FBBF7DB81D87E1A400303AFB /* Person.m */ = {isa = PBXFileReference; fileEncoding = 4; lastKnownFileType = sourcecode.c.objc; path = Person.m; sourceTree = "<group>"; };
		FBBF7DBA1D87E25F00303AFB /* Son.h */ = {isa = PBXFileReference; fileEncoding = 4; lastKnownFileType = sourcecode.c.h; path = Son.h; sourceTree = "<group>"; };
		FBBF7DBB1D87E25F00303AFB /* Son.m */ = {isa = PBXFileReference; fileEncoding = 4; lastKnownFileType = sourcecode.c.objc; path = Son.m; sourceTree = "<group>"; };
		FBBF7DC01D87E49F00303AFB /* Son+BB.h */ = {isa = PBXFileReference; fileEncoding = 4; lastKnownFileType = sourcecode.c.h; path = "Son+BB.h"; sourceTree = "<group>"; };
		FBBF7DC11D87E49F00303AFB /* Son+BB.m */ = {isa = PBXFileReference; fileEncoding = 4; lastKnownFileType = sourcecode.c.objc; path = "Son+BB.m"; sourceTree = "<group>"; };
		FBBF7DC31D87F94900303AFB /* ExchangeViewController.h */ = {isa = PBXFileReference; fileEncoding = 4; lastKnownFileType = sourcecode.c.h; path = ExchangeViewController.h; sourceTree = "<group>"; };
		FBBF7DC41D87F94900303AFB /* ExchangeViewController.m */ = {isa = PBXFileReference; fileEncoding = 4; lastKnownFileType = sourcecode.c.objc; path = ExchangeViewController.m; sourceTree = "<group>"; };
		FBBF7DC61D87F97300303AFB /* MyViewController+swizzling.h */ = {isa = PBXFileReference; fileEncoding = 4; lastKnownFileType = sourcecode.c.h; path = "MyViewController+swizzling.h"; sourceTree = "<group>"; };
		FBBF7DC71D87F97300303AFB /* MyViewController+swizzling.m */ = {isa = PBXFileReference; fileEncoding = 4; lastKnownFileType = sourcecode.c.objc; path = "MyViewController+swizzling.m"; sourceTree = "<group>"; };
		FBC298211D8E8F3F0043AC92 /* BaseViewController.h */ = {isa = PBXFileReference; fileEncoding = 4; lastKnownFileType = sourcecode.c.h; path = BaseViewController.h; sourceTree = "<group>"; };
		FBC298221D8E8F3F0043AC92 /* BaseViewController.m */ = {isa = PBXFileReference; fileEncoding = 4; lastKnownFileType = sourcecode.c.objc; path = BaseViewController.m; sourceTree = "<group>"; };
/* End PBXFileReference section */

/* Begin PBXFrameworksBuildPhase section */
		FBBF7D9A1D87DAB800303AFB /* Frameworks */ = {
			isa = PBXFrameworksBuildPhase;
			buildActionMask = 2147483647;
			files = (
			);
			runOnlyForDeploymentPostprocessing = 0;
		};
/* End PBXFrameworksBuildPhase section */

/* Begin PBXGroup section */
		FBBF7D941D87DAB700303AFB = {
			isa = PBXGroup;
			children = (
				FBBF7D9F1D87DAB800303AFB /* MyRunTime */,
				FBBF7D9E1D87DAB800303AFB /* Products */,
			);
			sourceTree = "<group>";
		};
		FBBF7D9E1D87DAB800303AFB /* Products */ = {
			isa = PBXGroup;
			children = (
				FBBF7D9D1D87DAB800303AFB /* MyRunTime.app */,
			);
			name = Products;
			sourceTree = "<group>";
		};
		FBBF7D9F1D87DAB800303AFB /* MyRunTime */ = {
			isa = PBXGroup;
			children = (
				FBC298201D8E8F230043AC92 /* Base */,
				FBBF7DA31D87DAB800303AFB /* AppDelegate.h */,
				FBBF7DA41D87DAB800303AFB /* AppDelegate.m */,
				FBBF7DA61D87DAB800303AFB /* ViewController.h */,
				FBBF7DA71D87DAB800303AFB /* ViewController.m */,
				FBBF7DC31D87F94900303AFB /* ExchangeViewController.h */,
				FBBF7DC41D87F94900303AFB /* ExchangeViewController.m */,
				FBBF7DC61D87F97300303AFB /* MyViewController+swizzling.h */,
				FBBF7DC71D87F97300303AFB /* MyViewController+swizzling.m */,
				FBBF7DB71D87E1A400303AFB /* Person.h */,
				FBBF7DB81D87E1A400303AFB /* Person.m */,
				FBBF7DBA1D87E25F00303AFB /* Son.h */,
				FBBF7DBB1D87E25F00303AFB /* Son.m */,
				FBBF7DC01D87E49F00303AFB /* Son+BB.h */,
				FBBF7DC11D87E49F00303AFB /* Son+BB.m */,
				FBBF7DA91D87DAB800303AFB /* Main.storyboard */,
				FBBF7DAC1D87DAB800303AFB /* Assets.xcassets */,
				FBBF7DAE1D87DAB800303AFB /* LaunchScreen.storyboard */,
				FBBF7DB11D87DAB800303AFB /* Info.plist */,
				FBBF7DA01D87DAB800303AFB /* Supporting Files */,
			);
			path = MyRunTime;
			sourceTree = "<group>";
		};
		FBBF7DA01D87DAB800303AFB /* Supporting Files */ = {
			isa = PBXGroup;
			children = (
				FBBF7DA11D87DAB800303AFB /* main.m */,
			);
			name = "Supporting Files";
			sourceTree = "<group>";
		};
		FBC298201D8E8F230043AC92 /* Base */ = {
			isa = PBXGroup;
			children = (
				FBC298211D8E8F3F0043AC92 /* BaseViewController.h */,
				FBC298221D8E8F3F0043AC92 /* BaseViewController.m */,
			);
			name = Base;
			sourceTree = "<group>";
		};
/* End PBXGroup section */

/* Begin PBXNativeTarget section */
		FBBF7D9C1D87DAB800303AFB /* MyRunTime */ = {
			isa = PBXNativeTarget;
			buildConfigurationList = FBBF7DB41D87DAB800303AFB /* Build configuration list for PBXNativeTarget "MyRunTime" */;
			buildPhases = (
				FBBF7D991D87DAB800303AFB /* Sources */,
				FBBF7D9A1D87DAB800303AFB /* Frameworks */,
				FBBF7D9B1D87DAB800303AFB /* Resources */,
			);
			buildRules = (
			);
			dependencies = (
			);
			name = MyRunTime;
			productName = MyRunTime;
			productReference = FBBF7D9D1D87DAB800303AFB /* MyRunTime.app */;
			productType = "com.apple.product-type.application";
		};
/* End PBXNativeTarget section */

/* Begin PBXProject section */
		FBBF7D951D87DAB700303AFB /* Project object */ = {
			isa = PBXProject;
			attributes = {
				LastUpgradeCheck = 0730;
				ORGANIZATIONNAME = kefoqing;
				TargetAttributes = {
					FBBF7D9C1D87DAB800303AFB = {
						CreatedOnToolsVersion = 7.3;
					};
				};
			};
			buildConfigurationList = FBBF7D981D87DAB700303AFB /* Build configuration list for PBXProject "MyRunTime" */;
			compatibilityVersion = "Xcode 3.2";
			developmentRegion = English;
			hasScannedForEncodings = 0;
			knownRegions = (
				en,
				Base,
			);
			mainGroup = FBBF7D941D87DAB700303AFB;
			productRefGroup = FBBF7D9E1D87DAB800303AFB /* Products */;
			projectDirPath = "";
			projectRoot = "";
			targets = (
				FBBF7D9C1D87DAB800303AFB /* MyRunTime */,
			);
		};
/* End PBXProject section */

/* Begin PBXResourcesBuildPhase section */
		FBBF7D9B1D87DAB800303AFB /* Resources */ = {
			isa = PBXResourcesBuildPhase;
			buildActionMask = 2147483647;
			files = (
				FBBF7DB01D87DAB800303AFB /* LaunchScreen.storyboard in Resources */,
				FBBF7DAD1D87DAB800303AFB /* Assets.xcassets in Resources */,
				FBBF7DAB1D87DAB800303AFB /* Main.storyboard in Resources */,
			);
			runOnlyForDeploymentPostprocessing = 0;
		};
/* End PBXResourcesBuildPhase section */

/* Begin PBXSourcesBuildPhase section */
		FBBF7D991D87DAB800303AFB /* Sources */ = {
			isa = PBXSourcesBuildPhase;
			buildActionMask = 2147483647;
			files = (
				FBBF7DC81D87F97300303AFB /* MyViewController+swizzling.m in Sources */,
				FBC298231D8E8F3F0043AC92 /* BaseViewController.m in Sources */,
				FBBF7DA81D87DAB800303AFB /* ViewController.m in Sources */,
				FBBF7DBC1D87E25F00303AFB /* Son.m in Sources */,
				FBBF7DC21D87E49F00303AFB /* Son+BB.m in Sources */,
				FBBF7DA51D87DAB800303AFB /* AppDelegate.m in Sources */,
				FBBF7DB91D87E1A400303AFB /* Person.m in Sources */,
				FBBF7DA21D87DAB800303AFB /* main.m in Sources */,
				FBBF7DC51D87F94900303AFB /* ExchangeViewController.m in Sources */,
			);
			runOnlyForDeploymentPostprocessing = 0;
		};
/* End PBXSourcesBuildPhase section */

/* Begin PBXVariantGroup section */
		FBBF7DA91D87DAB800303AFB /* Main.storyboard */ = {
			isa = PBXVariantGroup;
			children = (
				FBBF7DAA1D87DAB800303AFB /* Base */,
			);
			name = Main.storyboard;
			sourceTree = "<group>";
		};
		FBBF7DAE1D87DAB800303AFB /* LaunchScreen.storyboard */ = {
			isa = PBXVariantGroup;
			children = (
				FBBF7DAF1D87DAB800303AFB /* Base */,
			);
			name = LaunchScreen.storyboard;
			sourceTree = "<group>";
		};
/* End PBXVariantGroup section */

/* Begin XCBuildConfiguration section */
		FBBF7DB21D87DAB800303AFB /* Debug */ = {
			isa = XCBuildConfiguration;
			buildSettings = {
				ALWAYS_SEARCH_USER_PATHS = NO;
				CLANG_ANALYZER_NONNULL = YES;
				CLANG_CXX_LANGUAGE_STANDARD = "gnu++0x";
				CLANG_CXX_LIBRARY = "libc++";
				CLANG_ENABLE_MODULES = YES;
				CLANG_ENABLE_OBJC_ARC = YES;
				CLANG_WARN_BOOL_CONVERSION = YES;
				CLANG_WARN_CONSTANT_CONVERSION = YES;
				CLANG_WARN_DIRECT_OBJC_ISA_USAGE = YES_ERROR;
				CLANG_WARN_EMPTY_BODY = YES;
				CLANG_WARN_ENUM_CONVERSION = YES;
				CLANG_WARN_INT_CONVERSION = YES;
				CLANG_WARN_OBJC_ROOT_CLASS = YES_ERROR;
				CLANG_WARN_UNREACHABLE_CODE = YES;
				CLANG_WARN__DUPLICATE_METHOD_MATCH = YES;
				"CODE_SIGN_IDENTITY[sdk=iphoneos*]" = "iPhone Developer";
				COPY_PHASE_STRIP = NO;
				DEBUG_INFORMATION_FORMAT = dwarf;
				ENABLE_STRICT_OBJC_MSGSEND = YES;
				ENABLE_TESTABILITY = YES;
				GCC_C_LANGUAGE_STANDARD = gnu99;
				GCC_DYNAMIC_NO_PIC = NO;
				GCC_NO_COMMON_BLOCKS = YES;
				GCC_OPTIMIZATION_LEVEL = 0;
				GCC_PREPROCESSOR_DEFINITIONS = (
					"DEBUG=1",
					"$(inherited)",
				);
				GCC_WARN_64_TO_32_BIT_CONVERSION = YES;
				GCC_WARN_ABOUT_RETURN_TYPE = YES_ERROR;
				GCC_WARN_UNDECLARED_SELECTOR = YES;
				GCC_WARN_UNINITIALIZED_AUTOS = YES_AGGRESSIVE;
				GCC_WARN_UNUSED_FUNCTION = YES;
				GCC_WARN_UNUSED_VARIABLE = YES;
				IPHONEOS_DEPLOYMENT_TARGET = 9.3;
				MTL_ENABLE_DEBUG_INFO = YES;
				ONLY_ACTIVE_ARCH = YES;
				SDKROOT = iphoneos;
				TARGETED_DEVICE_FAMILY = "1,2";
			};
			name = Debug;
		};
		FBBF7DB31D87DAB800303AFB /* Release */ = {
			isa = XCBuildConfiguration;
			buildSettings = {
				ALWAYS_SEARCH_USER_PATHS = NO;
				CLANG_ANALYZER_NONNULL = YES;
				CLANG_CXX_LANGUAGE_STANDARD = "gnu++0x";
				CLANG_CXX_LIBRARY = "libc++";
				CLANG_ENABLE_MODULES = YES;
				CLANG_ENABLE_OBJC_ARC = YES;
				CLANG_WARN_BOOL_CONVERSION = YES;
				CLANG_WARN_CONSTANT_CONVERSION = YES;
				CLANG_WARN_DIRECT_OBJC_ISA_USAGE = YES_ERROR;
				CLANG_WARN_EMPTY_BODY = YES;
				CLANG_WARN_ENUM_CONVERSION = YES;
				CLANG_WARN_INT_CONVERSION = YES;
				CLANG_WARN_OBJC_ROOT_CLASS = YES_ERROR;
				CLANG_WARN_UNREACHABLE_CODE = YES;
				CLANG_WARN__DUPLICATE_METHOD_MATCH = YES;
				"CODE_SIGN_IDENTITY[sdk=iphoneos*]" = "iPhone Developer";
				COPY_PHASE_STRIP = NO;
				DEBUG_INFORMATION_FORMAT = "dwarf-with-dsym";
				ENABLE_NS_ASSERTIONS = NO;
				ENABLE_STRICT_OBJC_MSGSEND = YES;
				GCC_C_LANGUAGE_STANDARD = gnu99;
				GCC_NO_COMMON_BLOCKS = YES;
				GCC_WARN_64_TO_32_BIT_CONVERSION = YES;
				GCC_WARN_ABOUT_RETURN_TYPE = YES_ERROR;
				GCC_WARN_UNDECLARED_SELECTOR = YES;
				GCC_WARN_UNINITIALIZED_AUTOS = YES_AGGRESSIVE;
				GCC_WARN_UNUSED_FUNCTION = YES;
				GCC_WARN_UNUSED_VARIABLE = YES;
				IPHONEOS_DEPLOYMENT_TARGET = 9.3;
				MTL_ENABLE_DEBUG_INFO = NO;
				SDKROOT = iphoneos;
				TARGETED_DEVICE_FAMILY = "1,2";
				VALIDATE_PRODUCT = YES;
			};
			name = Release;
		};
		FBBF7DB51D87DAB800303AFB /* Debug */ = {
			isa = XCBuildConfiguration;
			buildSettings = {
				ASSETCATALOG_COMPILER_APPICON_NAME = AppIcon;
				INFOPLIST_FILE = MyRunTime/Info.plist;
				IPHONEOS_DEPLOYMENT_TARGET = 9.0;
				LD_RUNPATH_SEARCH_PATHS = "$(inherited) @executable_path/Frameworks";
				PRODUCT_BUNDLE_IDENTIFIER = com.Allen.MyRunTime;
				PRODUCT_NAME = "$(TARGET_NAME)";
			};
			name = Debug;
		};
		FBBF7DB61D87DAB800303AFB /* Release */ = {
			isa = XCBuildConfiguration;
			buildSettings = {
				ASSETCATALOG_COMPILER_APPICON_NAME = AppIcon;
				INFOPLIST_FILE = MyRunTime/Info.plist;
				IPHONEOS_DEPLOYMENT_TARGET = 9.0;
				LD_RUNPATH_SEARCH_PATHS = "$(inherited) @executable_path/Frameworks";
				PRODUCT_BUNDLE_IDENTIFIER = com.Allen.MyRunTime;
				PRODUCT_NAME = "$(TARGET_NAME)";
			};
			name = Release;
		};
/* End XCBuildConfiguration section */

/* Begin XCConfigurationList section */
		FBBF7D981D87DAB700303AFB /* Build configuration list for PBXProject "MyRunTime" */ = {
			isa = XCConfigurationList;
			buildConfigurations = (
				FBBF7DB21D87DAB800303AFB /* Debug */,
				FBBF7DB31D87DAB800303AFB /* Release */,
			);
			defaultConfigurationIsVisible = 0;
			defaultConfigurationName = Release;
		};
		FBBF7DB41D87DAB800303AFB /* Build configuration list for PBXNativeTarget "MyRunTime" */ = {
			isa = XCConfigurationList;
			buildConfigurations = (
				FBBF7DB51D87DAB800303AFB /* Debug */,
				FBBF7DB61D87DAB800303AFB /* Release */,
			);
			defaultConfigurationIsVisible = 0;
			defaultConfigurationName = Release;
		};
/* End XCConfigurationList section */
	};
	rootObject = FBBF7D951D87DAB700303AFB /* Project object */;
}
